
Microsoft Visual Studio Solution File, Format Version 12.00
# Visual Studio Version 17
VisualStudioVersion = 17.0.32014.148
MinimumVisualStudioVersion = 10.0.40219.1
Project("{FAE04EC0-301F-11D3-BF4B-00C04F79EFBC}") = "FileDemo", "FileDemo\FileDemo.csproj", "{68B6449B-72DA-4FAD-A24A-16DA48B00F69}"
EndProject
Global
	GlobalSection(SolutionConfigurationPlatforms) = preSolution
		Debug|Any CPU = Debug|Any CPU
		Release|Any CPU = Release|Any CPU
	EndGlobalSection
	GlobalSection(ProjectConfigurationPlatforms) = postSolution
		{68B6449B-72DA-4FAD-A24A-16DA48B00F69}.Debug|Any CPU.ActiveCfg = Debug|Any CPU
		{68B6449B-72DA-4FAD-A24A-16DA48B00F69}.Debug|Any CPU.Build.0 = Debug|Any CPU
		{68B6449B-72DA-4FAD-A24A-16DA48B00F69}.Release|Any CPU.ActiveCfg = Release|Any CPU
		{68B6449B-72DA-4FAD-A24A-16DA48B00F69}.Release|Any CPU.Build.0 = Release|Any CPU
	EndGlobalSection
	GlobalSection(SolutionProperties) = preSolution
		HideSolutionNode = FALSE
	EndGlobalSection
	GlobalSection(ExtensibilityGlobals) = postSolution
		SolutionGuid = {87EFD574-2BED-4D19-972D-A1704953B2B3}
	EndGlobalSection
EndGlobal
